
Microsoft Visual Studio Solution File, Format Version 11.00
# Visual Studio 2010
Project("{8BC9CEB8-8B4A-11D0-8D11-00A0C91BC942}") = "Filtres_JPSDR", "Filtres_JPSDR\Filtres_JPSDR.vcxproj", "{CBA83F0F-3DEA-446A-BB9F-E056BFBE85B0}"
EndProject
Global
	GlobalSection(SolutionConfigurationPlatforms) = preSolution
		Debug|Win32 = Debug|Win32
		Debug|x64 = Debug|x64
		Release_98_P3|Win32 = Release_98_P3|Win32
		Release_98_P3|x64 = Release_98_P3|x64
		Release_98_P4|Win32 = Release_98_P4|Win32
		Release_98_P4|x64 = Release_98_P4|x64
		Release_Intel_98_P3|Win32 = Release_Intel_98_P3|Win32
		Release_Intel_98_P3|x64 = Release_Intel_98_P3|x64
		Release_Intel_98_P4|Win32 = Release_Intel_98_P4|Win32
		Release_Intel_98_P4|x64 = Release_Intel_98_P4|x64
		Release_Intel_XP_Core2_AVX|Win32 = Release_Intel_XP_Core2_AVX|Win32
		Release_Intel_XP_Core2_AVX|x64 = Release_Intel_XP_Core2_AVX|x64
		Release_Intel_XP_Core2_SSE4.1|Win32 = Release_Intel_XP_Core2_SSE4.1|Win32
		Release_Intel_XP_Core2_SSE4.1|x64 = Release_Intel_XP_Core2_SSE4.1|x64
		Release_Intel_XP_Core2_SSE4.2|Win32 = Release_Intel_XP_Core2_SSE4.2|Win32
		Release_Intel_XP_Core2_SSE4.2|x64 = Release_Intel_XP_Core2_SSE4.2|x64
		Release_Intel_XP_Core2|Win32 = Release_Intel_XP_Core2|Win32
		Release_Intel_XP_Core2|x64 = Release_Intel_XP_Core2|x64
		Release_Intel_XP_P3|Win32 = Release_Intel_XP_P3|Win32
		Release_Intel_XP_P3|x64 = Release_Intel_XP_P3|x64
		Release_Intel_XP_P4_SSE3|Win32 = Release_Intel_XP_P4_SSE3|Win32
		Release_Intel_XP_P4_SSE3|x64 = Release_Intel_XP_P4_SSE3|x64
		Release_Intel_XP_P4|Win32 = Release_Intel_XP_P4|Win32
		Release_Intel_XP_P4|x64 = Release_Intel_XP_P4|x64
		Release_XP_P3|Win32 = Release_XP_P3|Win32
		Release_XP_P3|x64 = Release_XP_P3|x64
		Release_XP_P4|Win32 = Release_XP_P4|Win32
		Release_XP_P4|x64 = Release_XP_P4|x64
		Release|Win32 = Release|Win32
		Release|x64 = Release|x64
	EndGlobalSection
	GlobalSection(ProjectConfigurationPlatforms) = postSolution
		{CBA83F0F-3DEA-446A-BB9F-E056BFBE85B0}.Debug|Win32.ActiveCfg = Debug|Win32
		{CBA83F0F-3DEA-446A-BB9F-E056BFBE85B0}.Debug|Win32.Build.0 = Debug|Win32
		{CBA83F0F-3DEA-446A-BB9F-E056BFBE85B0}.Debug|x64.ActiveCfg = Debug|x64
		{CBA83F0F-3DEA-446A-BB9F-E056BFBE85B0}.Debug|x64.Build.0 = Debug|x64
		{CBA83F0F-3DEA-446A-BB9F-E056BFBE85B0}.Release_98_P3|Win32.ActiveCfg = Release_98_P3|Win32
		{CBA83F0F-3DEA-446A-BB9F-E056BFBE85B0}.Release_98_P3|Win32.Build.0 = Release_98_P3|Win32
		{CBA83F0F-3DEA-446A-BB9F-E056BFBE85B0}.Release_98_P3|x64.ActiveCfg = Release_98_P3|x64
		{CBA83F0F-3DEA-446A-BB9F-E056BFBE85B0}.Release_98_P3|x64.Build.0 = Release_98_P3|x64
		{CBA83F0F-3DEA-446A-BB9F-E056BFBE85B0}.Release_98_P4|Win32.ActiveCfg = Release_98_P4|Win32
		{CBA83F0F-3DEA-446A-BB9F-E056BFBE85B0}.Release_98_P4|Win32.Build.0 = Release_98_P4|Win32
		{CBA83F0F-3DEA-446A-BB9F-E056BFBE85B0}.Release_98_P4|x64.ActiveCfg = Release_98_P4|x64
		{CBA83F0F-3DEA-446A-BB9F-E056BFBE85B0}.Release_98_P4|x64.Build.0 = Release_98_P4|x64
		{CBA83F0F-3DEA-446A-BB9F-E056BFBE85B0}.Release_Intel_98_P3|Win32.ActiveCfg = Release_Intel_98_P3|Win32
		{CBA83F0F-3DEA-446A-BB9F-E056BFBE85B0}.Release_Intel_98_P3|Win32.Build.0 = Release_Intel_98_P3|Win32
		{CBA83F0F-3DEA-446A-BB9F-E056BFBE85B0}.Release_Intel_98_P3|x64.ActiveCfg = Release_Intel_98_P3|x64
		{CBA83F0F-3DEA-446A-BB9F-E056BFBE85B0}.Release_Intel_98_P3|x64.Build.0 = Release_Intel_98_P3|x64
		{CBA83F0F-3DEA-446A-BB9F-E056BFBE85B0}.Release_Intel_98_P4|Win32.ActiveCfg = Release_Intel_98_P4|Win32
		{CBA83F0F-3DEA-446A-BB9F-E056BFBE85B0}.Release_Intel_98_P4|Win32.Build.0 = Release_Intel_98_P4|Win32
		{CBA83F0F-3DEA-446A-BB9F-E056BFBE85B0}.Release_Intel_98_P4|x64.ActiveCfg = Release_Intel_98_P4|x64
		{CBA83F0F-3DEA-446A-BB9F-E056BFBE85B0}.Release_Intel_98_P4|x64.Build.0 = Release_Intel_98_P4|x64
		{CBA83F0F-3DEA-446A-BB9F-E056BFBE85B0}.Release_Intel_XP_Core2_AVX|Win32.ActiveCfg = Release_Intel_XP_Core2_AVX|Win32
		{CBA83F0F-3DEA-446A-BB9F-E056BFBE85B0}.Release_Intel_XP_Core2_AVX|Win32.Build.0 = Release_Intel_XP_Core2_AVX|Win32
		{CBA83F0F-3DEA-446A-BB9F-E056BFBE85B0}.Release_Intel_XP_Core2_AVX|x64.ActiveCfg = Release_Intel_XP_Core2_AVX|x64
		{CBA83F0F-3DEA-446A-BB9F-E056BFBE85B0}.Release_Intel_XP_Core2_AVX|x64.Build.0 = Release_Intel_XP_Core2_AVX|x64
		{CBA83F0F-3DEA-446A-BB9F-E056BFBE85B0}.Release_Intel_XP_Core2_SSE4.1|Win32.ActiveCfg = Release_Intel_XP_Core2_SSE4.1|Win32
		{CBA83F0F-3DEA-446A-BB9F-E056BFBE85B0}.Release_Intel_XP_Core2_SSE4.1|Win32.Build.0 = Release_Intel_XP_Core2_SSE4.1|Win32
		{CBA83F0F-3DEA-446A-BB9F-E056BFBE85B0}.Release_Intel_XP_Core2_SSE4.1|x64.ActiveCfg = Release_Intel_XP_Core2_SSE4.1|x64
		{CBA83F0F-3DEA-446A-BB9F-E056BFBE85B0}.Release_Intel_XP_Core2_SSE4.1|x64.Build.0 = Release_Intel_XP_Core2_SSE4.1|x64
		{CBA83F0F-3DEA-446A-BB9F-E056BFBE85B0}.Release_Intel_XP_Core2_SSE4.2|Win32.ActiveCfg = Release_Intel_XP_Core2_SSE4.2|Win32
		{CBA83F0F-3DEA-446A-BB9F-E056BFBE85B0}.Release_Intel_XP_Core2_SSE4.2|Win32.Build.0 = Release_Intel_XP_Core2_SSE4.2|Win32
		{CBA83F0F-3DEA-446A-BB9F-E056BFBE85B0}.Release_Intel_XP_Core2_SSE4.2|x64.ActiveCfg = Release_Intel_XP_Core2_SSE4.2|x64
		{CBA83F0F-3DEA-446A-BB9F-E056BFBE85B0}.Release_Intel_XP_Core2_SSE4.2|x64.Build.0 = Release_Intel_XP_Core2_SSE4.2|x64
		{CBA83F0F-3DEA-446A-BB9F-E056BFBE85B0}.Release_Intel_XP_Core2|Win32.ActiveCfg = Release_Intel_XP_Core2|Win32
		{CBA83F0F-3DEA-446A-BB9F-E056BFBE85B0}.Release_Intel_XP_Core2|Win32.Build.0 = Release_Intel_XP_Core2|Win32
		{CBA83F0F-3DEA-446A-BB9F-E056BFBE85B0}.Release_Intel_XP_Core2|x64.ActiveCfg = Release_Intel_XP_Core2|x64
		{CBA83F0F-3DEA-446A-BB9F-E056BFBE85B0}.Release_Intel_XP_Core2|x64.Build.0 = Release_Intel_XP_Core2|x64
		{CBA83F0F-3DEA-446A-BB9F-E056BFBE85B0}.Release_Intel_XP_P3|Win32.ActiveCfg = Release_Intel_XP_P3|Win32
		{CBA83F0F-3DEA-446A-BB9F-E056BFBE85B0}.Release_Intel_XP_P3|Win32.Build.0 = Release_Intel_XP_P3|Win32
		{CBA83F0F-3DEA-446A-BB9F-E056BFBE85B0}.Release_Intel_XP_P3|x64.ActiveCfg = Release_Intel_XP_P3|x64
		{CBA83F0F-3DEA-446A-BB9F-E056BFBE85B0}.Release_Intel_XP_P3|x64.Build.0 = Release_Intel_XP_P3|x64
		{CBA83F0F-3DEA-446A-BB9F-E056BFBE85B0}.Release_Intel_XP_P4_SSE3|Win32.ActiveCfg = Release_Intel_XP_P4_SSE3|Win32
		{CBA83F0F-3DEA-446A-BB9F-E056BFBE85B0}.Release_Intel_XP_P4_SSE3|Win32.Build.0 = Release_Intel_XP_P4_SSE3|Win32
		{CBA83F0F-3DEA-446A-BB9F-E056BFBE85B0}.Release_Intel_XP_P4_SSE3|x64.ActiveCfg = Release_Intel_XP_P4_SSE3|x64
		{CBA83F0F-3DEA-446A-BB9F-E056BFBE85B0}.Release_Intel_XP_P4_SSE3|x64.Build.0 = Release_Intel_XP_P4_SSE3|x64
		{CBA83F0F-3DEA-446A-BB9F-E056BFBE85B0}.Release_Intel_XP_P4|Win32.ActiveCfg = Release_Intel_XP_P4|Win32
		{CBA83F0F-3DEA-446A-BB9F-E056BFBE85B0}.Release_Intel_XP_P4|Win32.Build.0 = Release_Intel_XP_P4|Win32
		{CBA83F0F-3DEA-446A-BB9F-E056BFBE85B0}.Release_Intel_XP_P4|x64.ActiveCfg = Release_Intel_XP_P4|x64
		{CBA83F0F-3DEA-446A-BB9F-E056BFBE85B0}.Release_Intel_XP_P4|x64.Build.0 = Release_Intel_XP_P4|x64
		{CBA83F0F-3DEA-446A-BB9F-E056BFBE85B0}.Release_XP_P3|Win32.ActiveCfg = Release_XP_P3|Win32
		{CBA83F0F-3DEA-446A-BB9F-E056BFBE85B0}.Release_XP_P3|Win32.Build.0 = Release_XP_P3|Win32
		{CBA83F0F-3DEA-446A-BB9F-E056BFBE85B0}.Release_XP_P3|x64.ActiveCfg = Release_XP_P3|x64
		{CBA83F0F-3DEA-446A-BB9F-E056BFBE85B0}.Release_XP_P3|x64.Build.0 = Release_XP_P3|x64
		{CBA83F0F-3DEA-446A-BB9F-E056BFBE85B0}.Release_XP_P4|Win32.ActiveCfg = Release_XP_P4|Win32
		{CBA83F0F-3DEA-446A-BB9F-E056BFBE85B0}.Release_XP_P4|Win32.Build.0 = Release_XP_P4|Win32
		{CBA83F0F-3DEA-446A-BB9F-E056BFBE85B0}.Release_XP_P4|x64.ActiveCfg = Release_XP_P4|x64
		{CBA83F0F-3DEA-446A-BB9F-E056BFBE85B0}.Release_XP_P4|x64.Build.0 = Release_XP_P4|x64
		{CBA83F0F-3DEA-446A-BB9F-E056BFBE85B0}.Release|Win32.ActiveCfg = Release|Win32
		{CBA83F0F-3DEA-446A-BB9F-E056BFBE85B0}.Release|Win32.Build.0 = Release|Win32
		{CBA83F0F-3DEA-446A-BB9F-E056BFBE85B0}.Release|x64.ActiveCfg = Release|x64
		{CBA83F0F-3DEA-446A-BB9F-E056BFBE85B0}.Release|x64.Build.0 = Release|x64
	EndGlobalSection
	GlobalSection(SolutionProperties) = preSolution
		HideSolutionNode = FALSE
	EndGlobalSection
EndGlobal
